// !$*UTF8*$!
{
	archiveVersion = 1;
	classes = {
	};
	objectVersion = 77;
	objects = {

/* Begin PBXBuildFile section */
		0E5536FE67CB04F42D6AEFB6 /* ImageAnalyzerView.swift in Sources */ = {isa = PBXBuildFile; fileRef = CE4CFD148DED2A12E37E01E3 /* ImageAnalyzerView.swift */; };
		108DF94552F03AC8419E2ED5 /* MagnifierOverlay.swift in Sources */ = {isa = PBXBuildFile; fileRef = C647AA679C2475F7292EAE9E /* MagnifierOverlay.swift */; };
		11BD491CD9646056FBB4F884 /* PickerView.swift in Sources */ = {isa = PBXBuildFile; fileRef = C02F99C7ADA8CBC6F3C5CD58 /* PickerView.swift */; };
		27D113D30DCA7B2E474FA5F8 /* Localizable.strings in Resources */ = {isa = PBXBuildFile; fileRef = FA75BD5A9760B49BBFC48668 /* Localizable.strings */; };
		2A86460E4791F25CF111E2EC /* AppSettings.swift in Sources */ = {isa = PBXBuildFile; fileRef = B0FB96E3402837AEB556857D /* AppSettings.swift */; };
		44E88DE15A47A7D53D698C74 /* ColorModel.swift in Sources */ = {isa = PBXBuildFile; fileRef = CF0E828714738D25B569904A /* ColorModel.swift */; };
		50E091B3E54BFDDBBA82F906 /* GlassStyle.swift in Sources */ = {isa = PBXBuildFile; fileRef = 515F9BA6A362B5AEFF46AE0D /* GlassStyle.swift */; };
		582E51B8FC4B580406D9FD7D /* ColorWalkView.swift in Sources */ = {isa = PBXBuildFile; fileRef = 6DA8B55DC35462EE588FA3BA /* ColorWalkView.swift */; };
		85252BC3B8CCEE650B27AC83 /* TincturaApp.swift in Sources */ = {isa = PBXBuildFile; fileRef = 30C059257DDC3540693CEA60 /* TincturaApp.swift */; };
		8A562998F33DEB22F7B31B86 /* AppState.swift in Sources */ = {isa = PBXBuildFile; fileRef = 5AAE22926086FBE63E40A283 /* AppState.swift */; };
		922A475CF7ADAC9122959600 /* AppDelegate.swift in Sources */ = {isa = PBXBuildFile; fileRef = 07E2CC357C34AD20550612FB /* AppDelegate.swift */; };
		A32E5973FCC143E7AC70B6B0 /* HistoryView.swift in Sources */ = {isa = PBXBuildFile; fileRef = 8EA4BA0083AC4F789D4CF973 /* HistoryView.swift */; };
		ABADA61FBA1C2574A0146D3B /* ScreenCaptureService.swift in Sources */ = {isa = PBXBuildFile; fileRef = CC19BD8F67A072DBCD90E2AA /* ScreenCaptureService.swift */; };
		B7BA4FD74B34C5BE58C0DA93 /* ColorWalkEngine.swift in Sources */ = {isa = PBXBuildFile; fileRef = 266E8044F0C283B2FEA1CF8D /* ColorWalkEngine.swift */; };
		BBD21B78027463CE5CA18F60 /* Assets.xcassets in Resources */ = {isa = PBXBuildFile; fileRef = 7F082D96ED21A6D36845B589 /* Assets.xcassets */; };
		D1E7940DC27D8EF9DD876FF8 /* ImageColorAnalyzer.swift in Sources */ = {isa = PBXBuildFile; fileRef = 2FE3B1EFB0D587F720AC7119 /* ImageColorAnalyzer.swift */; };
		D4B96BE1C9227716AFFDAEEF /* ContentView.swift in Sources */ = {isa = PBXBuildFile; fileRef = 8EC8D80E17122EAE83C4216A /* ContentView.swift */; };
		DADADB01A82CF35060F045E8 /* WCAGContrast.swift in Sources */ = {isa = PBXBuildFile; fileRef = 902A08D0B5E2BC44FB3D1B5D /* WCAGContrast.swift */; };
		EBB7C1248EAD06047B9FA9FE /* ContrastPreviewView.swift in Sources */ = {isa = PBXBuildFile; fileRef = 487829595CCA87F521FCFA54 /* ContrastPreviewView.swift */; };
		EDD03098FB216AA4F1D72C97 /* ColorSwatchView.swift in Sources */ = {isa = PBXBuildFile; fileRef = 62395F28D019F7982D11F9BC /* ColorSwatchView.swift */; };
/* End PBXBuildFile section */

/* Begin PBXFileReference section */
		07E2CC357C34AD20550612FB /* AppDelegate.swift */ = {isa = PBXFileReference; lastKnownFileType = sourcecode.swift; path = AppDelegate.swift; sourceTree = "<group>"; };
		0B607D0974D8A39658D1A94D /* en */ = {isa = PBXFileReference; lastKnownFileType = text.plist.strings; name = en; path = en.lproj/Localizable.strings; sourceTree = "<group>"; };
		266E8044F0C283B2FEA1CF8D /* ColorWalkEngine.swift */ = {isa = PBXFileReference; lastKnownFileType = sourcecode.swift; path = ColorWalkEngine.swift; sourceTree = "<group>"; };
		2FE3B1EFB0D587F720AC7119 /* ImageColorAnalyzer.swift */ = {isa = PBXFileReference; lastKnownFileType = sourcecode.swift; path = ImageColorAnalyzer.swift; sourceTree = "<group>"; };
		30C059257DDC3540693CEA60 /* TincturaApp.swift */ = {isa = PBXFileReference; lastKnownFileType = sourcecode.swift; path = TincturaApp.swift; sourceTree = "<group>"; };
		423C43F8F653C43F84B20D43 /* Tinctura.app */ = {isa = PBXFileReference; explicitFileType = wrapper.application; includeInIndex = 0; path = Tinctura.app; sourceTree = BUILT_PRODUCTS_DIR; };
		487829595CCA87F521FCFA54 /* ContrastPreviewView.swift */ = {isa = PBXFileReference; lastKnownFileType = sourcecode.swift; path = ContrastPreviewView.swift; sourceTree = "<group>"; };
		515F9BA6A362B5AEFF46AE0D /* GlassStyle.swift */ = {isa = PBXFileReference; lastKnownFileType = sourcecode.swift; path = GlassStyle.swift; sourceTree = "<group>"; };
		5AAE22926086FBE63E40A283 /* AppState.swift */ = {isa = PBXFileReference; lastKnownFileType = sourcecode.swift; path = AppState.swift; sourceTree = "<group>"; };
		62395F28D019F7982D11F9BC /* ColorSwatchView.swift */ = {isa = PBXFileReference; lastKnownFileType = sourcecode.swift; path = ColorSwatchView.swift; sourceTree = "<group>"; };
		63C1841C566323E173D4C483 /* zh-Hans */ = {isa = PBXFileReference; lastKnownFileType = text.plist.strings; name = "zh-Hans"; path = "zh-Hans.lproj/Localizable.strings"; sourceTree = "<group>"; };
		6DA8B55DC35462EE588FA3BA /* ColorWalkView.swift */ = {isa = PBXFileReference; lastKnownFileType = sourcecode.swift; path = ColorWalkView.swift; sourceTree = "<group>"; };
		7F082D96ED21A6D36845B589 /* Assets.xcassets */ = {isa = PBXFileReference; lastKnownFileType = folder.assetcatalog; path = Assets.xcassets; sourceTree = "<group>"; };
		8EA4BA0083AC4F789D4CF973 /* HistoryView.swift */ = {isa = PBXFileReference; lastKnownFileType = sourcecode.swift; path = HistoryView.swift; sourceTree = "<group>"; };
		8EC8D80E17122EAE83C4216A /* ContentView.swift */ = {isa = PBXFileReference; lastKnownFileType = sourcecode.swift; path = ContentView.swift; sourceTree = "<group>"; };
		902A08D0B5E2BC44FB3D1B5D /* WCAGContrast.swift */ = {isa = PBXFileReference; lastKnownFileType = sourcecode.swift; path = WCAGContrast.swift; sourceTree = "<group>"; };
		B0FB96E3402837AEB556857D /* AppSettings.swift */ = {isa = PBXFileReference; lastKnownFileType = sourcecode.swift; path = AppSettings.swift; sourceTree = "<group>"; };
		C02F99C7ADA8CBC6F3C5CD58 /* PickerView.swift */ = {isa = PBXFileReference; lastKnownFileType = sourcecode.swift; path = PickerView.swift; sourceTree = "<group>"; };
		C647AA679C2475F7292EAE9E /* MagnifierOverlay.swift */ = {isa = PBXFileReference; lastKnownFileType = sourcecode.swift; path = MagnifierOverlay.swift; sourceTree = "<group>"; };
		CC19BD8F67A072DBCD90E2AA /* ScreenCaptureService.swift */ = {isa = PBXFileReference; lastKnownFileType = sourcecode.swift; path = ScreenCaptureService.swift; sourceTree = "<group>"; };
		CE4CFD148DED2A12E37E01E3 /* ImageAnalyzerView.swift */ = {isa = PBXFileReference; lastKnownFileType = sourcecode.swift; path = ImageAnalyzerView.swift; sourceTree = "<group>"; };
		CF0E828714738D25B569904A /* ColorModel.swift */ = {isa = PBXFileReference; lastKnownFileType = sourcecode.swift; path = ColorModel.swift; sourceTree = "<group>"; };
/* End PBXFileReference section */

/* Begin PBXGroup section */
		001BEE0BD584561B5E077531 /* Models */ = {
			isa = PBXGroup;
			children = (
				5AAE22926086FBE63E40A283 /* AppState.swift */,
				CF0E828714738D25B569904A /* ColorModel.swift */,
			);
			path = Models;
			sourceTree = "<group>";
		};
		0F3A2AA52FBE321D2DD94E67 /* Resources */ = {
			isa = PBXGroup;
			children = (
				FA75BD5A9760B49BBFC48668 /* Localizable.strings */,
				7F082D96ED21A6D36845B589 /* Assets.xcassets */,
			);
			path = Resources;
			sourceTree = "<group>";
		};
		2E3C32A19EBD9BD6BD816D3B /* Views */ = {
			isa = PBXGroup;
			children = (
				3BBA759151FAEC35725E7F8A /* Components */,
				6DA8B55DC35462EE588FA3BA /* ColorWalkView.swift */,
				8EC8D80E17122EAE83C4216A /* ContentView.swift */,
				487829595CCA87F521FCFA54 /* ContrastPreviewView.swift */,
				8EA4BA0083AC4F789D4CF973 /* HistoryView.swift */,
				CE4CFD148DED2A12E37E01E3 /* ImageAnalyzerView.swift */,
				C02F99C7ADA8CBC6F3C5CD58 /* PickerView.swift */,
			);
			path = Views;
			sourceTree = "<group>";
		};
		3BBA759151FAEC35725E7F8A /* Components */ = {
			isa = PBXGroup;
			children = (
				62395F28D019F7982D11F9BC /* ColorSwatchView.swift */,
				515F9BA6A362B5AEFF46AE0D /* GlassStyle.swift */,
				C647AA679C2475F7292EAE9E /* MagnifierOverlay.swift */,
			);
			path = Components;
			sourceTree = "<group>";
		};
		4BBB1AEB31FECECE5EDFAEA2 /* Products */ = {
			isa = PBXGroup;
			children = (
				423C43F8F653C43F84B20D43 /* Tinctura.app */,
			);
			name = Products;
			sourceTree = "<group>";
		};
		7FA745C132D09DC84B8F506D = {
			isa = PBXGroup;
			children = (
				A926FFF020B425CA1812440E /* Sources */,
				4BBB1AEB31FECECE5EDFAEA2 /* Products */,
			);
			sourceTree = "<group>";
		};
		A926FFF020B425CA1812440E /* Sources */ = {
			isa = PBXGroup;
			children = (
				BD9EBCD961922EC4BDA4D4DC /* Tinctura */,
			);
			path = Sources;
			sourceTree = "<group>";
		};
		A964C89076BED22A51094B91 /* App */ = {
			isa = PBXGroup;
			children = (
				07E2CC357C34AD20550612FB /* AppDelegate.swift */,
				30C059257DDC3540693CEA60 /* TincturaApp.swift */,
			);
			path = App;
			sourceTree = "<group>";
		};
		BD9EBCD961922EC4BDA4D4DC /* Tinctura */ = {
			isa = PBXGroup;
			children = (
				A964C89076BED22A51094B91 /* App */,
				001BEE0BD584561B5E077531 /* Models */,
				0F3A2AA52FBE321D2DD94E67 /* Resources */,
				EBB3C552FE1B328685D13C8D /* Services */,
				2E3C32A19EBD9BD6BD816D3B /* Views */,
			);
			path = Tinctura;
			sourceTree = "<group>";
		};
		EBB3C552FE1B328685D13C8D /* Services */ = {
			isa = PBXGroup;
			children = (
				B0FB96E3402837AEB556857D /* AppSettings.swift */,
				266E8044F0C283B2FEA1CF8D /* ColorWalkEngine.swift */,
				2FE3B1EFB0D587F720AC7119 /* ImageColorAnalyzer.swift */,
				CC19BD8F67A072DBCD90E2AA /* ScreenCaptureService.swift */,
				902A08D0B5E2BC44FB3D1B5D /* WCAGContrast.swift */,
			);
			path = Services;
			sourceTree = "<group>";
		};
/* End PBXGroup section */

/* Begin PBXNativeTarget section */
		8CA48386039449F4B7A30850 /* Tinctura */ = {
			isa = PBXNativeTarget;
			buildConfigurationList = 82A1059F21888005A74ABC51 /* Build configuration list for PBXNativeTarget "Tinctura" */;
			buildPhases = (
				7969DED68DAE10F98D5C8272 /* Sources */,
				7CABCFF04CC0ED15D007FA07 /* Resources */,
			);
			buildRules = (
			);
			dependencies = (
			);
			name = Tinctura;
			packageProductDependencies = (
			);
			productName = Tinctura;
			productReference = 423C43F8F653C43F84B20D43 /* Tinctura.app */;
			productType = "com.apple.product-type.application";
		};
/* End PBXNativeTarget section */

/* Begin PBXProject section */
		C08485B234069B5A55A599AE /* Project object */ = {
			isa = PBXProject;
			attributes = {
				BuildIndependentTargetsInParallel = YES;
				LastUpgradeCheck = 1430;
				TargetAttributes = {
					8CA48386039449F4B7A30850 = {
						DevelopmentTeam = "";
						ProvisioningStyle = Automatic;
					};
				};
			};
			buildConfigurationList = 1CBCD74799F07F699C16BD9E /* Build configuration list for PBXProject "Tinctura" */;
			developmentRegion = en;
			hasScannedForEncodings = 0;
			knownRegions = (
				Base,
				en,
				"zh-Hans",
			);
			mainGroup = 7FA745C132D09DC84B8F506D;
			minimizedProjectReferenceProxies = 1;
			preferredProjectObjectVersion = 77;
			productRefGroup = 4BBB1AEB31FECECE5EDFAEA2 /* Products */;
			projectDirPath = "";
			projectRoot = "";
			targets = (
				8CA48386039449F4B7A30850 /* Tinctura */,
			);
		};
/* End PBXProject section */

/* Begin PBXResourcesBuildPhase section */
		7CABCFF04CC0ED15D007FA07 /* Resources */ = {
			isa = PBXResourcesBuildPhase;
			buildActionMask = 2147483647;
			files = (
				BBD21B78027463CE5CA18F60 /* Assets.xcassets in Resources */,
				27D113D30DCA7B2E474FA5F8 /* Localizable.strings in Resources */,
			);
			runOnlyForDeploymentPostprocessing = 0;
		};
/* End PBXResourcesBuildPhase section */

/* Begin PBXSourcesBuildPhase section */
		7969DED68DAE10F98D5C8272 /* Sources */ = {
			isa = PBXSourcesBuildPhase;
			buildActionMask = 2147483647;
			files = (
				922A475CF7ADAC9122959600 /* AppDelegate.swift in Sources */,
				2A86460E4791F25CF111E2EC /* AppSettings.swift in Sources */,
				8A562998F33DEB22F7B31B86 /* AppState.swift in Sources */,
				44E88DE15A47A7D53D698C74 /* ColorModel.swift in Sources */,
				EDD03098FB216AA4F1D72C97 /* ColorSwatchView.swift in Sources */,
				B7BA4FD74B34C5BE58C0DA93 /* ColorWalkEngine.swift in Sources */,
				582E51B8FC4B580406D9FD7D /* ColorWalkView.swift in Sources */,
				D4B96BE1C9227716AFFDAEEF /* ContentView.swift in Sources */,
				EBB7C1248EAD06047B9FA9FE /* ContrastPreviewView.swift in Sources */,
				50E091B3E54BFDDBBA82F906 /* GlassStyle.swift in Sources */,
				A32E5973FCC143E7AC70B6B0 /* HistoryView.swift in Sources */,
				0E5536FE67CB04F42D6AEFB6 /* ImageAnalyzerView.swift in Sources */,
				D1E7940DC27D8EF9DD876FF8 /* ImageColorAnalyzer.swift in Sources */,
				108DF94552F03AC8419E2ED5 /* MagnifierOverlay.swift in Sources */,
				11BD491CD9646056FBB4F884 /* PickerView.swift in Sources */,
				ABADA61FBA1C2574A0146D3B /* ScreenCaptureService.swift in Sources */,
				85252BC3B8CCEE650B27AC83 /* TincturaApp.swift in Sources */,
				DADADB01A82CF35060F045E8 /* WCAGContrast.swift in Sources */,
			);
			runOnlyForDeploymentPostprocessing = 0;
		};
/* End PBXSourcesBuildPhase section */

/* Begin PBXVariantGroup section */
		FA75BD5A9760B49BBFC48668 /* Localizable.strings */ = {
			isa = PBXVariantGroup;
			children = (
				0B607D0974D8A39658D1A94D /* en */,
				63C1841C566323E173D4C483 /* zh-Hans */,
			);
			name = Localizable.strings;
			sourceTree = "<group>";
		};
/* End PBXVariantGroup section */

/* Begin XCBuildConfiguration section */
		5E4F4E106278529A054531F3 /* Debug */ = {
			isa = XCBuildConfiguration;
			buildSettings = {
				ASSETCATALOG_COMPILER_APPICON_NAME = AppIcon;
				COMBINE_HIDPI_IMAGES = YES;
				ENABLE_PREVIEWS = YES;
				GENERATE_INFOPLIST_FILE = YES;
				INFOPLIST_KEY_CFBundleDisplayName = Tinctura;
				INFOPLIST_KEY_LSApplicationCategoryType = "public.app-category.graphics-design";
				INFOPLIST_KEY_NSHighResolutionCapable = YES;
				INFOPLIST_KEY_NSHumanReadableCopyright = "Copyright © Tinctura";
				INFOPLIST_KEY_NSScreenCaptureUsageDescription = "Tinctura 需要屏幕录制权限以进行实时屏幕取色与放大镜预览。";
				INFOPLIST_KEY_NSSupportsAutomaticGraphicsSwitching = YES;
				LD_RUNPATH_SEARCH_PATHS = (
					"$(inherited)",
					"@executable_path/../Frameworks",
				);
				MACOSX_DEPLOYMENT_TARGET = 15.0;
				PRODUCT_BUNDLE_IDENTIFIER = me.whynbnb.Tinctura;
				PRODUCT_NAME = Tinctura;
				SDKROOT = macosx;
				SWIFT_EMIT_LOC_STRINGS = YES;
			};
			name = Debug;
		};
		81C681B49BEDD837656AAED7 /* Release */ = {
			isa = XCBuildConfiguration;
			buildSettings = {
				ALWAYS_SEARCH_USER_PATHS = NO;
				CLANG_ANALYZER_NONNULL = YES;
				CLANG_ANALYZER_NUMBER_OBJECT_CONVERSION = YES_AGGRESSIVE;
				CLANG_CXX_LANGUAGE_STANDARD = "gnu++14";
				CLANG_CXX_LIBRARY = "libc++";
				CLANG_ENABLE_MODULES = YES;
				CLANG_ENABLE_OBJC_ARC = YES;
				CLANG_ENABLE_OBJC_WEAK = YES;
				CLANG_WARN_BLOCK_CAPTURE_AUTORELEASING = YES;
				CLANG_WARN_BOOL_CONVERSION = YES;
				CLANG_WARN_COMMA = YES;
				CLANG_WARN_CONSTANT_CONVERSION = YES;
				CLANG_WARN_DEPRECATED_OBJC_IMPLEMENTATIONS = YES;
				CLANG_WARN_DIRECT_OBJC_ISA_USAGE = YES_ERROR;
				CLANG_WARN_DOCUMENTATION_COMMENTS = YES;
				CLANG_WARN_EMPTY_BODY = YES;
				CLANG_WARN_ENUM_CONVERSION = YES;
				CLANG_WARN_INFINITE_RECURSION = YES;
				CLANG_WARN_INT_CONVERSION = YES;
				CLANG_WARN_NON_LITERAL_NULL_CONVERSION = YES;
				CLANG_WARN_OBJC_IMPLICIT_RETAIN_SELF = YES;
				CLANG_WARN_OBJC_LITERAL_CONVERSION = YES;
				CLANG_WARN_OBJC_ROOT_CLASS = YES_ERROR;
				CLANG_WARN_QUOTED_INCLUDE_IN_FRAMEWORK_HEADER = YES;
				CLANG_WARN_RANGE_LOOP_ANALYSIS = YES;
				CLANG_WARN_STRICT_PROTOTYPES = YES;
				CLANG_WARN_SUSPICIOUS_MOVE = YES;
				CLANG_WARN_UNGUARDED_AVAILABILITY = YES_AGGRESSIVE;
				CLANG_WARN_UNREACHABLE_CODE = YES;
				CLANG_WARN__DUPLICATE_METHOD_MATCH = YES;
				CODE_SIGN_STYLE = Automatic;
				COPY_PHASE_STRIP = NO;
				CURRENT_PROJECT_VERSION = 1;
				DEBUG_INFORMATION_FORMAT = "dwarf-with-dsym";
				DEVELOPMENT_TEAM = "";
				ENABLE_HARDENED_RUNTIME = YES;
				ENABLE_NS_ASSERTIONS = NO;
				ENABLE_STRICT_OBJC_MSGSEND = YES;
				GCC_C_LANGUAGE_STANDARD = gnu11;
				GCC_NO_COMMON_BLOCKS = YES;
				GCC_WARN_64_TO_32_BIT_CONVERSION = YES;
				GCC_WARN_ABOUT_RETURN_TYPE = YES_ERROR;
				GCC_WARN_UNDECLARED_SELECTOR = YES;
				GCC_WARN_UNINITIALIZED_AUTOS = YES_AGGRESSIVE;
				GCC_WARN_UNUSED_FUNCTION = YES;
				GCC_WARN_UNUSED_VARIABLE = YES;
				MACOSX_DEPLOYMENT_TARGET = 15.0;
				MARKETING_VERSION = 1.0.0;
				MTL_ENABLE_DEBUG_INFO = NO;
				MTL_FAST_MATH = YES;
				PRODUCT_NAME = "$(TARGET_NAME)";
				SDKROOT = macosx;
				SWIFT_COMPILATION_MODE = wholemodule;
				SWIFT_OPTIMIZATION_LEVEL = "-O";
				SWIFT_VERSION = 6.0;
			};
			name = Release;
		};
		8E8CB333D4062B81BEEACADF /* Release */ = {
			isa = XCBuildConfiguration;
			buildSettings = {
				ASSETCATALOG_COMPILER_APPICON_NAME = AppIcon;
				COMBINE_HIDPI_IMAGES = YES;
				ENABLE_PREVIEWS = YES;
				GENERATE_INFOPLIST_FILE = YES;
				INFOPLIST_KEY_CFBundleDisplayName = Tinctura;
				INFOPLIST_KEY_LSApplicationCategoryType = "public.app-category.graphics-design";
				INFOPLIST_KEY_NSHighResolutionCapable = YES;
				INFOPLIST_KEY_NSHumanReadableCopyright = "Copyright © Tinctura";
				INFOPLIST_KEY_NSScreenCaptureUsageDescription = "Tinctura 需要屏幕录制权限以进行实时屏幕取色与放大镜预览。";
				INFOPLIST_KEY_NSSupportsAutomaticGraphicsSwitching = YES;
				LD_RUNPATH_SEARCH_PATHS = (
					"$(inherited)",
					"@executable_path/../Frameworks",
				);
				MACOSX_DEPLOYMENT_TARGET = 15.0;
				PRODUCT_BUNDLE_IDENTIFIER = me.whynbnb.Tinctura;
				PRODUCT_NAME = Tinctura;
				SDKROOT = macosx;
				SWIFT_EMIT_LOC_STRINGS = YES;
			};
			name = Release;
		};
		C0B6984A2B11A60A2051CBE6 /* Debug */ = {
			isa = XCBuildConfiguration;
			buildSettings = {
				ALWAYS_SEARCH_USER_PATHS = NO;
				CLANG_ANALYZER_NONNULL = YES;
				CLANG_ANALYZER_NUMBER_OBJECT_CONVERSION = YES_AGGRESSIVE;
				CLANG_CXX_LANGUAGE_STANDARD = "gnu++14";
				CLANG_CXX_LIBRARY = "libc++";
				CLANG_ENABLE_MODULES = YES;
				CLANG_ENABLE_OBJC_ARC = YES;
				CLANG_ENABLE_OBJC_WEAK = YES;
				CLANG_WARN_BLOCK_CAPTURE_AUTORELEASING = YES;
				CLANG_WARN_BOOL_CONVERSION = YES;
				CLANG_WARN_COMMA = YES;
				CLANG_WARN_CONSTANT_CONVERSION = YES;
				CLANG_WARN_DEPRECATED_OBJC_IMPLEMENTATIONS = YES;
				CLANG_WARN_DIRECT_OBJC_ISA_USAGE = YES_ERROR;
				CLANG_WARN_DOCUMENTATION_COMMENTS = YES;
				CLANG_WARN_EMPTY_BODY = YES;
				CLANG_WARN_ENUM_CONVERSION = YES;
				CLANG_WARN_INFINITE_RECURSION = YES;
				CLANG_WARN_INT_CONVERSION = YES;
				CLANG_WARN_NON_LITERAL_NULL_CONVERSION = YES;
				CLANG_WARN_OBJC_IMPLICIT_RETAIN_SELF = YES;
				CLANG_WARN_OBJC_LITERAL_CONVERSION = YES;
				CLANG_WARN_OBJC_ROOT_CLASS = YES_ERROR;
				CLANG_WARN_QUOTED_INCLUDE_IN_FRAMEWORK_HEADER = YES;
				CLANG_WARN_RANGE_LOOP_ANALYSIS = YES;
				CLANG_WARN_STRICT_PROTOTYPES = YES;
				CLANG_WARN_SUSPICIOUS_MOVE = YES;
				CLANG_WARN_UNGUARDED_AVAILABILITY = YES_AGGRESSIVE;
				CLANG_WARN_UNREACHABLE_CODE = YES;
				CLANG_WARN__DUPLICATE_METHOD_MATCH = YES;
				CODE_SIGN_STYLE = Automatic;
				COPY_PHASE_STRIP = NO;
				CURRENT_PROJECT_VERSION = 1;
				DEBUG_INFORMATION_FORMAT = dwarf;
				DEVELOPMENT_TEAM = "";
				ENABLE_HARDENED_RUNTIME = YES;
				ENABLE_STRICT_OBJC_MSGSEND = YES;
				ENABLE_TESTABILITY = YES;
				GCC_C_LANGUAGE_STANDARD = gnu11;
				GCC_DYNAMIC_NO_PIC = NO;
				GCC_NO_COMMON_BLOCKS = YES;
				GCC_OPTIMIZATION_LEVEL = 0;
				GCC_PREPROCESSOR_DEFINITIONS = (
					"$(inherited)",
					"DEBUG=1",
				);
				GCC_WARN_64_TO_32_BIT_CONVERSION = YES;
				GCC_WARN_ABOUT_RETURN_TYPE = YES_ERROR;
				GCC_WARN_UNDECLARED_SELECTOR = YES;
				GCC_WARN_UNINITIALIZED_AUTOS = YES_AGGRESSIVE;
				GCC_WARN_UNUSED_FUNCTION = YES;
				GCC_WARN_UNUSED_VARIABLE = YES;
				MACOSX_DEPLOYMENT_TARGET = 15.0;
				MARKETING_VERSION = 1.0.0;
				MTL_ENABLE_DEBUG_INFO = INCLUDE_SOURCE;
				MTL_FAST_MATH = YES;
				ONLY_ACTIVE_ARCH = YES;
				PRODUCT_NAME = "$(TARGET_NAME)";
				SDKROOT = macosx;
				SWIFT_ACTIVE_COMPILATION_CONDITIONS = DEBUG;
				SWIFT_OPTIMIZATION_LEVEL = "-Onone";
				SWIFT_VERSION = 6.0;
			};
			name = Debug;
		};
/* End XCBuildConfiguration section */

/* Begin XCConfigurationList section */
		1CBCD74799F07F699C16BD9E /* Build configuration list for PBXProject "Tinctura" */ = {
			isa = XCConfigurationList;
			buildConfigurations = (
				C0B6984A2B11A60A2051CBE6 /* Debug */,
				81C681B49BEDD837656AAED7 /* Release */,
			);
			defaultConfigurationIsVisible = 0;
			defaultConfigurationName = Debug;
		};
		82A1059F21888005A74ABC51 /* Build configuration list for PBXNativeTarget "Tinctura" */ = {
			isa = XCConfigurationList;
			buildConfigurations = (
				5E4F4E106278529A054531F3 /* Debug */,
				8E8CB333D4062B81BEEACADF /* Release */,
			);
			defaultConfigurationIsVisible = 0;
			defaultConfigurationName = Debug;
		};
/* End XCConfigurationList section */
	};
	rootObject = C08485B234069B5A55A599AE /* Project object */;
}
